# This file is automatically @generated by Poetry 2.1.4 and should not be changed by hand.

[[package]]
name = "annotated-types"
version = "0.8.0"
description = "Reusable constraint types to use with typing.Annotated"
optional = false
python-versions = ">=3.10"
groups = ["main"]
files = [
    {file = "annotated_types-0.8.0-py3-none-any.whl", hash = "sha256:f072f4d804ea359e4eaf198b1af7a8b0943881a87f31bb764f8bf219bb9419e0"},
    {file = "annotated_types-0.8.0.tar.gz", hash = "sha256:13b2beaad985e05e2d6407ee4c4f35590b11f8d693a258a561055cac8f64cab7"},
]

[[package]]
name = "greenlet"
version = "3.5.1"
description = "Lightweight in-process concurrent programming"
optional = false
python-versions = ">=3.10"
groups = ["main"]
markers = "platform_machine == \"aarch64\" or platform_machine == \"ppc64le\" or platform_machine == \"x86_64\" or platform_machine == \"amd64\" or platform_machine == \"AMD64\" or platform_machine == \"win32\" or platform_machine == \"WIN32\""
files = [
    {file = "greenlet-3.5.1-cp310-cp310-macosx_11_0_universal2.whl", hash = "sha256:7eacb17a9d41538a2bc4912eba5ef13823c83cb69e4d141d0813debe7163187f"},
    {file = "greenlet-3.5.1-cp310-cp310-manylinux_2_24_aarch64.manylinux_2_28_aarch64.whl", hash = "sha256:e5cc9606aa5f4e0bde0d3bd502b44f743864c3ffa5cfa1011b1e30f5aa02366f"},
    {file = "greenlet-3.5.1-cp310-cp310-manylinux_2_24_ppc64le.manylinux_2_28_ppc64le.whl", hash = "sha256:c3d35f87c7253b715d13d679e0783d845910144f282cb939fe1ba4ac8616269c"},
    {file = "greenlet-3.5.1-cp310-cp310-manylinux_2_24_s390x.manylinux_2_28_s390x.whl", hash = "sha256:00929c98ec525fd9bf075875d8c5f6a983a90906cdf78a66e6de2d8e466c2a19"},
    {file = "greenlet-3.5.1-cp310-cp310-manylinux_2_24_x86_64.manylinux_2_28_x86_64.whl", hash = "sha256:540dae7b956209af4d70a3be35927b4055f617763771e5e84a5255bea934d2f5"},
    {file = "greenlet-3.5.1-cp310-cp310-manylinux_2_39_riscv64.whl", hash = "sha256:001775efe7b8e758861294c7a27c28af87f3f3f1c20468a2bc618c45b346c061"},
    {file = "greenlet-3.5.1-cp310-cp310-musllinux_1_2_aarch64.whl", hash = "sha256:ed8cdb691169715a9a492844a83246f090182247d1a5031dc78a403f68ba1e97"},
    {file = "greenlet-3.5.1-cp310-cp310-musllinux_1_2_x86_64.whl", hash = "sha256:9d59e840387076a51016777a9328b3f2c427c6f9208a6e958bad251be50a648d"},
    {file = "greenlet-3.5.1-cp310-cp310-win_amd64.whl", hash = "sha256:b9152fca4a6466e114aaec745ae61cba739903a109754a9d4e1262f01e9259b1"},
    {file = "greenlet-3.5.1-cp311-cp311-macosx_11_0_universal2.whl", hash = "sha256:73f78f9b9f0a5c06e5c946ba1e8e36f5114923b6be109ee618c54f079c3ea14f"},
    {file = "greenlet-3.5.1-cp311-cp311-manylinux_2_24_aarch64.manylinux_2_28_aarch64.whl", hash = "sha256:a0cbed8bb44e23c5b199f888f4e4ce096b45ad9f25ff74a7ad0213875e936bb2"},
    {file = "greenlet-3.5.1-cp311-cp311-manylinux_2_24_ppc64le.manylinux_2_28_ppc64le.whl", hash = "sha256:a203a8bd0acb0701653d3bbb26e404854a68674139ed5cbb778830f42b09bb33"},
    {file = "greenlet-3.5.1-cp311-cp311-manylinux_2_24_s390x.manylinux_2_28_s390x.whl", hash = "sha256:6ebeb75c81211f5c702576cf81f315e77e23cfdb2c7c6fcb9dd143e6de35c360"},
    {file = "greenlet-3.5.1-cp311-cp311-manylinux_2_24_x86_64.manylinux_2_28_x86_64.whl", hash = "sha256:8a271fcd66c74615cda6a964fda3f304267a12e50a084472218a39bb0376f563"},
    {file = "greenlet-3.5.1-cp311-cp311-manylinux_2_39_riscv64.whl", hash = "sha256:017a544f0385d441e88714160d089d6900ef46c9eff9d99b6715a5ef2d127747"},
    {file = "greenlet-3.5.1-cp311-cp311-musllinux_1_2_aarch64.whl", hash = "sha256:ded7b068c7c31c1a8657d4fd42d886b3e051ae29f88b80c5ff9d502257b0f071"},
    {file = "greenlet-3.5.1-cp311-cp311-musllinux_1_2_x86_64.whl", hash = "sha256:d0932b81d72f552ded9d810d00021b64d89f2195a91ce115b893f943b7a4ab3c"},
    {file = "greenlet-3.5.1-cp311-cp311-win_amd64.whl", hash = "sha256:88e300d136eac057b2397aa1cfd7328b4c87c7eb66a09c7bc6a1292234db474e"},
    {file = "greenlet-3.5.1-cp311-cp311-win_arm64.whl", hash = "sha256:cc6ab7e555c8a112ad3a76e368e86e12a2754bcae1652a5602e133ec7b635523"},
    {file = "greenlet-3.5.1-cp312-cp312-macosx_11_0_universal2.whl", hash = "sha256:fa4f98af3a528f0c3fd592a26df7f376f93329c8f4d987f6bb979057af8bf5e2"},
    {file = "greenlet-3.5.1-cp312-cp312-manylinux_2_24_aarch64.manylinux_2_28_aarch64.whl", hash = "sha256:ffea73584b216150eab159b6d12348fb253e68757974de1e2c40d8a318ac89ed"},
    {file = "greenlet-3.5.1-cp312-cp312-manylinux_2_24_ppc64le.manylinux_2_28_ppc64le.whl", hash = "sha256:1072b4f9edcc1e192d9283a66a3e68d6b84c561de33a83d7858beb9ba1effe10"},
    {file = "greenlet-3.5.1-cp312-cp312-manylinux_2_24_s390x.manylinux_2_28_s390x.whl", hash = "sha256:89101bfd5011e069be974903cb3a4e4523845e4ece2d62dcd8d358933c0ef249"},
    {file = "greenlet-3.5.1-cp312-cp312-manylinux_2_24_x86_64.manylinux_2_28_x86_64.whl", hash = "sha256:add5217d68b31130f0beca584d7fef4878327d2e31642b66618a14eef312b63b"},
    {file = "greenlet-3.5.1-cp312-cp312-manylinux_2_39_riscv64.whl", hash = "sha256:e6cd99ea59dd5d89f0c956606571d79bfe6f68c9eb7f4a4083a41a7f1587edee"},
    {file = "greenlet-3.5.1-cp312-cp312-musllinux_1_2_aarch64.whl", hash = "sha256:a5ea42a752d47a145eae922b605cd1634665ac3d5ec1e72402d5048e8d60d207"},
    {file = "greenlet-3.5.1-cp312-cp312-musllinux_1_2_x86_64.whl", hash = "sha256:c5551170cf4f5ff5623e9af81323751979fee2c731e2287b61f73cd27257b823"},
    {file = "greenlet-3.5.1-cp312-cp312-win_amd64.whl", hash = "sha256:3c8bb982ad117d29478ef8f5533e97df21f1e2befd17a299257b0c96d1371c0b"},
    {file = "greenlet-3.5.1-cp312-cp312-win_arm64.whl", hash = "sha256:80eb4b04dadc4e67df3fae179a32c4706a3f495bc7f22fc8a81115d5f5512188"},
    {file = "greenlet-3.5.1-cp313-cp313-macosx_11_0_universal2.whl", hash = "sha256:51518ff74664078fc51bffcc6fc529b0df5ae58da192691cee765d45ce944a2b"},
    {file = "greenlet-3.5.1-cp313-cp313-manylinux_2_24_aarch64.manylinux_2_28_aarch64.whl", hash = "sha256:1ffdb3c0bb002c99cd8f298957e046c3dbf6006b5b7cdf11a4e19194624a0a0a"},
    {file = "greenlet-3.5.1-cp313-cp313-manylinux_2_24_ppc64le.manylinux_2_28_ppc64le.whl", hash = "sha256:7715a5a2c3378ba602c3a440558261e13a820bb53a82693aacd7b7f6d964e283"},
    {file = "greenlet-3.5.1-cp313-cp313-manylinux_2_24_s390x.manylinux_2_28_s390x.whl", hash = "sha256:d40a890035c0058cadbdc4af7569800fd28a0e527a0fdbb7b5f9418f176846ce"},
    {file = "greenlet-3.5.1-cp313-cp313-manylinux_2_24_x86_64.manylinux_2_28_x86_64.whl", hash = "sha256:dc71ff466927a201b08305acac451ebe1aedfcea002f62f1f2f2ac2ac1e6a135"},
    {file = "greenlet-3.5.1-cp313-cp313-manylinux_2_39_riscv64.whl", hash = "sha256:67821bb03e4e98664490edb787ff6af501194c29bbee0f5c1dfdcf1dc3d9d436"},
    {file = "greenlet-3.5.1-cp313-cp313-musllinux_1_2_aarch64.whl", hash = "sha256:cd443683db272ebaaca03af98c0b063ab30db70ea8a31a1559f35e3f7b744ccd"},
    {file = "greenlet-3.5.1-cp313-cp313-musllinux_1_2_x86_64.whl", hash = "sha256:089fff7a6ce8d9316d1f65ebc00273a56be258c1725b32b94de90a3a979557e1"},
    {file = "greenlet-3.5.1-cp313-cp313-win_amd64.whl", hash = "sha256:110a1ca7b49b014b097f6078272c3f4ed31af45b254de5228b79adba879f6af9"},
    {file = "greenlet-3.5.1-cp313-cp313-win_arm64.whl", hash = "sha256:f16ba1efc0715b680a18b8123d90dad887c6112ae3555b4b5c32c149540c6b4e"},
    {file = "greenlet-3.5.1-cp314-cp314-macosx_11_0_universal2.whl", hash = "sha256:d8ab31c9de8651a2facdd5c5bb0011f2380dd1a7af78ce2adf4b56095294fc07"},
    {file = "greenlet-3.5.1-cp314-cp314-manylinux_2_24_aarch64.manylinux_2_28_aarch64.whl", hash = "sha256:5e300185139abc337ade480c327183adf42a875ac7181bfe66d7d4efea31fbea"},
    {file = "greenlet-3.5.1-cp314-cp314-manylinux_2_24_ppc64le.manylinux_2_28_ppc64le.whl", hash = "sha256:7ffdb990dcaa0234cf9845aead5df2e3c3a8b6507d409274dd87e0d5ab05ffc2"},
    {file = "greenlet-3.5.1-cp314-cp314-manylinux_2_24_s390x.manylinux_2_28_s390x.whl", hash = "sha256:6c09df69dc1712d131332054a858a3e5cca400967fa3a672e2324fbb0971448c"},
    {file = "greenlet-3.5.1-cp314-cp314-manylinux_2_24_x86_64.manylinux_2_28_x86_64.whl", hash = "sha256:2f82b3597e9d83b63408affed0b48fd0f54935edac4302237b9a837be0dae33c"},
    {file = "greenlet-3.5.1-cp314-cp314-manylinux_2_39_riscv64.whl", hash = "sha256:a4764e0bfc6a4d114c865b32520805c16a990ef5f286a514413b05d5ecd6a23d"},
    {file = "greenlet-3.5.1-cp314-cp314-musllinux_1_2_aarch64.whl", hash = "sha256:c0141e37414c10164e702b8fb1473304221ad98f71600850c6ef7ff4880feba0"},
    {file = "greenlet-3.5.1-cp314-cp314-musllinux_1_2_x86_64.whl", hash = "sha256:50ae25a67bea74ea41fb14b960bc532df73eb713417b2d61892dced82fe8d3bc"},
    {file = "greenlet-3.5.1-cp314-cp314-win_amd64.whl", hash = "sha256:8a17c42330e261299766b75ac1ea32caa437a9453c8f65d16a13140db378ecd3"},
    {file = "greenlet-3.5.1-cp314-cp314-win_arm64.whl", hash = "sha256:7b5f5fae05b8ac6d176a61b60c394a8cbdc2b5b91b81793066e68745cf165e54"},
    {file = "greenlet-3.5.1-cp314-cp314t-macosx_11_0_universal2.whl", hash = "sha256:ea8da1e900d758d078810d4255d8c6aa572181896a31ec79d779eb79c3adc9ad"},
    {file = "greenlet-3.5.1-cp314-cp314t-manylinux_2_24_aarch64.manylinux_2_28_aarch64.whl", hash = "sha256:a19570c52a21420dcbc94e661994bc325c0b5b11304540fed514586da5dc8f2e"},
    {file = "greenlet-3.5.1-cp314-cp314t-manylinux_2_24_ppc64le.manylinux_2_28_ppc64le.whl", hash = "sha256:3d955c89b75eeca4723d7cc14135f393cd47c32e2a6cb4a8e4c6e760a26b0986"},
    {file = "greenlet-3.5.1-cp314-cp314t-manylinux_2_24_s390x.manylinux_2_28_s390x.whl", hash = "sha256:ea37d5a157eb9493820d3792ac4ece28619a394391d2b9f2f78057d396ff0f0f"},
    {file = "greenlet-3.5.1-cp314-cp314t-manylinux_2_24_x86_64.manylinux_2_28_x86_64.whl", hash = "sha256:de2daaaebd1a5aa88c49045b6baf9310b3263796bd88db713edf37cf53e7bb4e"},
    {file = "greenlet-3.5.1-cp314-cp314t-manylinux_2_39_riscv64.whl", hash = "sha256:8d8a23250ea3ec7b36de8fa4b541e9e2db3ee82915cc060ab0631609ad8b28de"},
    {file = "greenlet-3.5.1-cp314-cp314t-musllinux_1_2_aarch64.whl", hash = "sha256:3bfbd69cc349e43bf3a8ae1c85548ff0718efc887615c2db16c3833d7b0b072d"},
    {file = "greenlet-3.5.1-cp314-cp314t-musllinux_1_2_x86_64.whl", hash = "sha256:4378720dd888136c27215a0214d32a4d37c3852765d45bc37aad0623423cfd78"},
    {file = "greenlet-3.5.1-cp314-cp314t-win_amd64.whl", hash = "sha256:45718441607f9325d948db98cbc691276059316d0358c188c246da4e1d4d23d2"},
    {file = "greenlet-3.5.1-cp315-cp315-macosx_11_0_universal2.whl", hash = "sha256:2baee5ca02031757ffe8cc3d69f0cc0aec7065ce362622da74f32d3bcab1c541"},
    {file = "greenlet-3.5.1-cp315-cp315-manylinux_2_24_aarch64.manylinux_2_28_aarch64.whl", hash = "sha256:9b1ec3274918a81d3ea778b9e75b56b72b33f300edb6cf7f3a7fe1dae56683de"},
    {file = "greenlet-3.5.1-cp315-cp315-manylinux_2_24_ppc64le.manylinux_2_28_ppc64le.whl", hash = "sha256:111e2390ffffc47d5840b01711dd7fac07d4c09283d0283e7f3264b14e284c64"},
    {file = "greenlet-3.5.1-cp315-cp315-manylinux_2_24_s390x.manylinux_2_28_s390x.whl", hash = "sha256:10a9a1c0bfbc93d41156ffcb90c75fbc05544054faf15dcc1fdf9765f8b607f0"},
    {file = "greenlet-3.5.1-cp315-cp315-manylinux_2_24_x86_64.manylinux_2_28_x86_64.whl", hash = "sha256:e630136e905fe5ff43e86945ae41220b6d1470956a39220e708110ac48d01ea5"},
    {file = "greenlet-3.5.1-cp315-cp315-manylinux_2_39_riscv64.whl", hash = "sha256:ef08c1567c78074b22d1a200183d52d04a14df447bf70bcbb6a3507a48e776fc"},
    {file = "greenlet-3.5.1-cp315-cp315-musllinux_1_2_aarch64.whl", hash = "sha256:975eac34b44a7077ca4d421348455b94f0f518246a7f14bc6d2fdcfe5b584368"},
    {file = "greenlet-3.5.1-cp315-cp315-musllinux_1_2_x86_64.whl", hash = "sha256:9ab3c3a0b2ae6198e67c898dad5215a49f9ae0d0081b3c3ec59f333e39eeca26"},
    {file = "greenlet-3.5.1-cp315-cp315-win_amd64.whl", hash = "sha256:cbfc69be86e10dcfef5b1e6269d1d6926552aa89ee39e1de3353360c1b6989ab"},
    {file = "greenlet-3.5.1-cp315-cp315-win_arm64.whl", hash = "sha256:92fd6d44ac5e5a887c8a5dc4a8ba0ba908527c31c12f78c6bc7dcfe8aab279f6"},
    {file = "greenlet-3.5.1-cp315-cp315t-macosx_11_0_universal2.whl", hash = "sha256:a6fdf2433a5441ef9a95464f7c3e674775da1c8c1177fff311cee1acad4626ed"},
    {file = "greenlet-3.5.1-cp315-cp315t-manylinux_2_24_aarch64.manylinux_2_28_aarch64.whl", hash = "sha256:7546556f0d649f99f6a361098a55f761181bb2ea12ff150bb16d26092ad88244"},
    {file = "greenlet-3.5.1-cp315-cp315t-manylinux_2_24_ppc64le.manylinux_2_28_ppc64le.whl", hash = "sha256:d5ee3ea898009fa898f85f9982255d35278c477bebe185beca249cab42d4526c"},
    {file = "greenlet-3.5.1-cp315-cp315t-manylinux_2_24_s390x.manylinux_2_28_s390x.whl", hash = "sha256:a57b0d05a0448eed231d59c0ceb287dde984551e54cbc51ac2d4865712838e9c"},
    {file = "greenlet-3.5.1-cp315-cp315t-manylinux_2_24_x86_64.manylinux_2_28_x86_64.whl", hash = "sha256:a5c81f74d204d3edd136ebfd50dce53acbb776995d721a0fe801626cfc93b8cd"},
    {file = "greenlet-3.5.1-cp315-cp315t-manylinux_2_39_riscv64.whl", hash = "sha256:b0703c2cef53e01baec47f7a3868009913ad71ec678bbecb42a6f40895e4ce62"},
    {file = "greenlet-3.5.1-cp315-cp315t-musllinux_1_2_aarch64.whl", hash = "sha256:2c18ef16bf6d4dd410e4dd52996888ea1497be26892fe5bbc73580aba4287b8e"},
    {file = "greenlet-3.5.1-cp315-cp315t-musllinux_1_2_x86_64.whl", hash = "sha256:17d86354f0ae6b61bf9be5148d0dd34e06c3cb7c602c671f79f29ac3b150e659"},
    {file = "greenlet-3.5.1-cp315-cp315t-win_amd64.whl", hash = "sha256:e7516cf6ae6b8a582c2770a0caed47b8a48373ed732c33d69a72913ae6ac923e"},
    {file = "greenlet-3.5.1-cp315-cp315t-win_arm64.whl", hash = "sha256:5028648bf2253ec4745add746129d3904121fa7fe871a76bed23c5720573ce0a"},
    {file = "greenlet-3.5.1.tar.gz", hash = "sha256:5a56aeb7d5d9cc4b3a735efb5095bd4b4f6f0e4f93e5ca876d0e2315137b7829"},
]

[package.extras]
docs = ["Sphinx", "furo"]
test = ["objgraph", "psutil", "setuptools"]

[[package]]
name = "pydantic"
version = "2.13.5"
description = "Data validation using Python type hints"
optional = false
python-versions = ">=3.9"
groups = ["main"]
files = [
    {file = "pydantic-2.13.5-py3-none-any.whl", hash = "sha256:346a034f080da3755d8e9cb5e00e8b07de1d39e4f6e2c87d8ab7cafa0b269a73"},
    {file = "pydantic-2.13.5.tar.gz", hash = "sha256:51a9c5f7b2f8e636f04c6cada605d9b6a3bf1348fdf945a3d8869b19bba0ee08"},
]

[package.dependencies]
annotated-types = ">=0.6.0"
pydantic-core = "2.46.5"
typing-extensions = ">=4.14.1"
typing-inspection = ">=0.4.2"

[package.extras]
email = ["email-validator (>=2.0.0)"]
timezone = ["tzdata ; python_version >= \"3.9\" and platform_system == \"Windows\""]

[[package]]
name = "pydantic-core"
version = "2.46.5"
description = "Core functionality for Pydantic validation and serialization"
optional = false
python-versions = ">=3.9"
groups = ["main"]
files = [
    {file = "pydantic_core-2.46.5-cp310-cp310-macosx_10_12_x86_64.whl", hash = "sha256:657b40d6240c0a7b6a64b30f22d1e3aa631c7e846c621b0c0f6d1d75e2e15ea6"},
    {file = "pydantic_core-2.46.5-cp310-cp310-macosx_11_0_arm64.whl", hash = "sha256:ecb42011e12ee19cafbc312887cbf3546959fe02fbad44f272d4be5baa997615"},
    {file = "pydantic_core-2.46.5-cp310-cp310-manylinux_2_17_aarch64.manylinux2014_aarch64.whl", hash = "sha256:4dedce55295becb61921e386b99d4f2706045306e7fa52249a33004c837379fb"},
    {file = "pydantic_core-2.46.5-cp310-cp310-manylinux_2_17_armv7l.manylinux2014_armv7l.whl", hash = "sha256:9f47b8a949e60f027f0aa0a6f6c7b7e9c55cbf4380d10b344e282fa4e7ab1e1b"},
    {file = "pydantic_core-2.46.5-cp310-cp310-manylinux_2_17_ppc64le.manylinux2014_ppc64le.whl", hash = "sha256:200aa3dc9f8d54f0754f43247c0bad0999fdcfbfd2488384dd44f37279271fe6"},
    {file = "pydantic_core-2.46.5-cp310-cp310-manylinux_2_17_s390x.manylinux2014_s390x.whl", hash = "sha256:6d30e1a4f138b8951063e9a394752a9179b51da288ffa507b1e659222f4c1793"},
    {file = "pydantic_core-2.46.5-cp310-cp310-manylinux_2_17_x86_64.manylinux2014_x86_64.whl", hash = "sha256:850a08d167dde16db8702c274f320c7be9d7da6f6dff2b58b18f9e815bd94f5b"},
    {file = "pydantic_core-2.46.5-cp310-cp310-manylinux_2_31_riscv64.whl", hash = "sha256:c3471e5c4a949c26ec00a77f01df59096aa9495877de76fd60a980f8ee6be461"},
    {file = "pydantic_core-2.46.5-cp310-cp310-manylinux_2_5_i686.manylinux1_i686.whl", hash = "sha256:3a3e26b6a8274211bddee2d0e4d0d42778f17a34510f49d2ec44b58abfc41736"},
    {file = "pydantic_core-2.46.5-cp310-cp310-musllinux_1_1_aarch64.whl", hash = "sha256:fc5d783bd4a2387e97b8a2d5ec781cfb92b3d893bf82370548e99db5915935d3"},
    {file = "pydantic_core-2.46.5-cp310-cp310-musllinux_1_1_armv7l.whl", hash = "sha256:356c8368cbc321050b169595683a2e1d63413b1e0e2868b330af9fc14c616d3f"},
    {file = "pydantic_core-2.46.5-cp310-cp310-musllinux_1_1_x86_64.whl", hash = "sha256:eb7d8d0e5886a89a55d2eef490e272fa965a9d57c6b29a5b5088a7997ec2cad1"},
    {file = "pydantic_core-2.46.5-cp310-cp310-win32.whl", hash = "sha256:4d44cf99ddebf875f9b68cc267aa684c99b7b44fe63ee1cac4ec163807290069"},
    {file = "pydantic_core-2.46.5-cp310-cp310-win_amd64.whl", hash = "sha256:1e5aad1220a1192c42341c8fd4a8686657e73ab2a920c970bdc4de334fe3193d"},
    {file = "pydantic_core-2.46.5-cp311-cp311-macosx_10_12_x86_64.whl", hash = "sha256:a1dee1b804ff4d11c663636cf15d2ea47e9f79cd56c033fb1cbf08924842a48f"},
    {file = "pydantic_core-2.46.5-cp311-cp311-macosx_11_0_arm64.whl", hash = "sha256:d625a186a65201c23a9e3b8ed9c47e90a026e03256608cc91851c6709096844f"},
    {file = "pydantic_core-2.46.5-cp311-cp311-manylinux_2_17_aarch64.manylinux2014_aarch64.whl", hash = "sha256:4f8507560a9284e1370bb048ed4282012fbef4e8d109875b95e884d228552061"},
    {file = "pydantic_core-2.46.5-cp311-cp311-manylinux_2_17_armv7l.manylinux2014_armv7l.whl", hash = "sha256:5f93c5fe914d75fbec9a49209b00da5f08e9e467d69da2b1510c81940cfd10be"},
    {file = "pydantic_core-2.46.5-cp311-cp311-manylinux_2_17_ppc64le.manylinux2014_ppc64le.whl", hash = "sha256:aca6c767f552b21b10f774aeac128e828eafb796adfa1b666a18bf6321453c3a"},
    {file = "pydantic_core-2.46.5-cp311-cp311-manylinux_2_17_s390x.manylinux2014_s390x.whl", hash = "sha256:701b2e04b560eeb4bddf7a25ab8ca476176e34fdbd9a0e18196f0d12d4685f0b"},
    {file = "pydantic_core-2.46.5-cp311-cp311-manylinux_2_17_x86_64.manylinux2014_x86_64.whl", hash = "sha256:49776eab08766a08dfff7012f8b422dcd7e25e43b316eedf0477c24fcfa84b7c"},
    {file = "pydantic_core-2.46.5-cp311-cp311-manylinux_2_31_riscv64.whl", hash = "sha256:a2468d93d181667a7abd66e1b64bb9f76f361b0fef8faddf687456453576f5ee"},
    {file = "pydantic_core-2.46.5-cp311-cp311-manylinux_2_5_i686.manylinux1_i686.whl", hash = "sha256:53feb344243bb9510a9dec7bf3cf1b64d88a98af5dc7872a5160465f8b198c8e"},
    {file = "pydantic_core-2.46.5-cp311-cp311-musllinux_1_1_aarch64.whl", hash = "sha256:cd5214352ae68f3b5e9af7768bdc5253695ee069675db3480518420b3be881f2"},
    {file = "pydantic_core-2.46.5-cp311-cp311-musllinux_1_1_armv7l.whl", hash = "sha256:9432f3598db432cb51c5b37fdbf29a60fcccc79e30d37a05022776a6bc4ab689"},
    {file = "pydantic_core-2.46.5-cp311-cp311-musllinux_1_1_x86_64.whl", hash = "sha256:8feeac04b5794e513e710af2f9c87d49f31a6dc47967bb264a1fed61a8989bec"},
    {file = "pydantic_core-2.46.5-cp311-cp311-win32.whl", hash = "sha256:892a881d5f68c2b9ea304b7a6c2c60d9343df578a311b0f86b94bc8f1ffe8129"},
    {file = "pydantic_core-2.46.5-cp311-cp311-win_amd64.whl", hash = "sha256:40375c2d05acec10323e45dfe2077ac44bc74659008614af5069034e2cfc781c"},
    {file = "pydantic_core-2.46.5-cp311-cp311-win_arm64.whl", hash = "sha256:28a6a556cd3b6066bea827857f9d9cce027c96f776e512f544a581f9e42161f8"},
    {file = "pydantic_core-2.46.5-cp312-cp312-macosx_10_12_x86_64.whl", hash = "sha256:b9fe6fb92520e3fd61f2e49000b6911b188824f089b75973ea06d6267f0b476d"},
    {file = "pydantic_core-2.46.5-cp312-cp312-macosx_11_0_arm64.whl", hash = "sha256:a39ac25a9a2fa4072efdb429833c4a4c8009a51ff9eea3eeae131713cd27991e"},
    {file = "pydantic_core-2.46.5-cp312-cp312-manylinux_2_17_aarch64.manylinux2014_aarch64.whl", hash = "sha256:4fdc8b93a41521988916eeaa271173fcca7fa0803d62f87675aac8dcec1c8e29"},
    {file = "pydantic_core-2.46.5-cp312-cp312-manylinux_2_17_armv7l.manylinux2014_armv7l.whl", hash = "sha256:b98134087d9de723658d17a42c7d0da8d6e2ef08015dee7dc93889047315f5e4"},
    {file = "pydantic_core-2.46.5-cp312-cp312-manylinux_2_17_ppc64le.manylinux2014_ppc64le.whl", hash = "sha256:e652ab17569c94bff5475520f907b7148b8c24036a8ebbe5cf7cf7493d28579a"},
    {file = "pydantic_core-2.46.5-cp312-cp312-manylinux_2_17_s390x.manylinux2014_s390x.whl", hash = "sha256:d925f3d9afd05a8c0fb3a1031463a8d59ebe5e2afad297e29c78be19e13b4e62"},
    {file = "pydantic_core-2.46.5-cp312-cp312-manylinux_2_17_x86_64.manylinux2014_x86_64.whl", hash = "sha256:0fc5be0abd4a407e200d844b404e33639a554e7bd0d448e7b9ae181be4789ac2"},
    {file = "pydantic_core-2.46.5-cp312-cp312-manylinux_2_31_riscv64.whl", hash = "sha256:816ff0a6550ffc06c098ccd2e0698600f9aa7da192a79eaa6f9af504a35db869"},
    {file = "pydantic_core-2.46.5-cp312-cp312-manylinux_2_5_i686.manylinux1_i686.whl", hash = "sha256:c7ea57fc63aa7da93a1bd2d644e6577befae10c52c4e36377635eea1056a74f5"},
    {file = "pydantic_core-2.46.5-cp312-cp312-musllinux_1_1_aarch64.whl", hash = "sha256:efd62a42486f1bda5d24cb4f63d15a3c7768375fe83d36f9417b4ad7a2fb20b3"},
    {file = "pydantic_core-2.46.5-cp312-cp312-musllinux_1_1_armv7l.whl", hash = "sha256:2bc9419666990c06d7397831f2126a1ecc3594aaa3ff7de5bf2d066802f4e07b"},
    {file = "pydantic_core-2.46.5-cp312-cp312-musllinux_1_1_x86_64.whl", hash = "sha256:18a09e1e1011b462f2e32774f25859ef1223d5c2b0546a633cf56654710721e0"},
    {file = "pydantic_core-2.46.5-cp312-cp312-win32.whl", hash = "sha256:5cb482e9e84c851f4e623fe4acc1ced89168cf1fe18f7089db4548c8f5bbb65b"},
    {file = "pydantic_core-2.46.5-cp312-cp312-win_amd64.whl", hash = "sha256:5e81740c09e310f5aa5cbd3e434a01c154d4bef93241c7877b39f211d2b78ba8"},
    {file = "pydantic_core-2.46.5-cp312-cp312-win_arm64.whl", hash = "sha256:f7b0ec93a2893de856652154d73b7ba622f26fa97726487dcac373de5f4c6084"},
    {file = "pydantic_core-2.46.5-cp313-cp313-macosx_10_12_x86_64.whl", hash = "sha256:b7ca9034437b6022f941f4857459562ee00a560b97e7cce8a0ec5a74fc6766e0"},
    {file = "pydantic_core-2.46.5-cp313-cp313-macosx_11_0_arm64.whl", hash = "sha256:f332f0e72a5a0400141f830744e141bf9f97917878dbe968669e8a7fefea78ff"},
    {file = "pydantic_core-2.46.5-cp313-cp313-manylinux_2_17_aarch64.manylinux2014_aarch64.whl", hash = "sha256:193375f3548919d3f0b60936ca113ada3e38f264f91b9b8e0508efaad57be931"},
    {file = "pydantic_core-2.46.5-cp313-cp313-manylinux_2_17_armv7l.manylinux2014_armv7l.whl", hash = "sha256:79bdfa52f843137045b2d081cc05c120ba6665d29b7559c2c47690906f39279f"},
    {file = "pydantic_core-2.46.5-cp313-cp313-manylinux_2_17_ppc64le.manylinux2014_ppc64le.whl", hash = "sha256:24922243639cbdac66c75fcb6fd6495a9cb52b213d62f9a0d16f0310b1ff8038"},
    {file = "pydantic_core-2.46.5-cp313-cp313-manylinux_2_17_s390x.manylinux2014_s390x.whl", hash = "sha256:c76fe65e607be28c7fd4d56fc3c42b1583aa058ce3408b7ad0fd540171d31f9f"},
    {file = "pydantic_core-2.46.5-cp313-cp313-manylinux_2_17_x86_64.manylinux2014_x86_64.whl", hash = "sha256:6f7b393a8b3da82f5c1fc0751e6d01ac6c55b93c18226a60bdfba4a724efafd1"},
    {file = "pydantic_core-2.46.5-cp313-cp313-manylinux_2_31_riscv64.whl", hash = "sha256:7ac031912d54f3d83ef3b3eb98dfabc1608802e2202263d25957eeed40b94761"},
    {file = "pydantic_core-2.46.5-cp313-cp313-manylinux_2_5_i686.manylinux1_i686.whl", hash = "sha256:837b396ca3d7b74091ca623f6cbd8351bd42d670a79c2683e79fb089f06a2de5"},
    {file = "pydantic_core-2.46.5-cp313-cp313-musllinux_1_1_aarch64.whl", hash = "sha256:5ee239d575f80b08eca11f6e20f90c4c695de7825c67eefe6091fbf20dda648e"},
    {file = "pydantic_core-2.46.5-cp313-cp313-musllinux_1_1_armv7l.whl", hash = "sha256:e80675d75ae2cd14372cb65cad5400d9347a3d3f6c13000183f22dfd027283ed"},
    {file = "pydantic_core-2.46.5-cp313-cp313-musllinux_1_1_x86_64.whl", hash = "sha256:9c4b71f10dd532fb7a5cbc8f58707779e64f03a258c2bf8bfbaecfcd9970b519"},
    {file = "pydantic_core-2.46.5-cp313-cp313-win32.whl", hash = "sha256:97bf8de4d541598c94a59344eeb988a94c08ff76b5723c41f6567ec18c7892ea"},
    {file = "pydantic_core-2.46.5-cp313-cp313-win_amd64.whl", hash = "sha256:15f4a94963c95accac15b7b657bb177d3ad82bb90b0d0526d9a9b85079925db5"},
    {file = "pydantic_core-2.46.5-cp313-cp313-win_arm64.whl", hash = "sha256:d22a945598fb91236b4dd793a6e42e4f3dd7740bb5aace5ebd7d4c08d13bb575"},
    {file = "pydantic_core-2.46.5-cp314-cp314-macosx_10_12_x86_64.whl", hash = "sha256:c1c43ad4339643d70ebb8124e1305a7dab423001eff58bb41a0f731adbc98355"},
    {file = "pydantic_core-2.46.5-cp314-cp314-macosx_11_0_arm64.whl", hash = "sha256:1a353f84de772f423b5ffb11d7ae352fbbef0f446f3c0b0af0f8236d7233606e"},
    {file = "pydantic_core-2.46.5-cp314-cp314-manylinux_2_17_aarch64.manylinux2014_aarch64.whl", hash = "sha256:5086029a57366b8cf81b130a43908738095c270c21a8d7f0e8bdfdb89718e2f3"},
    {file = "pydantic_core-2.46.5-cp314-cp314-manylinux_2_17_armv7l.manylinux2014_armv7l.whl", hash = "sha256:46c25dda9d092a06c08db76ffe0a197107904d0dfac653f7d5306bbcd6d6119c"},
    {file = "pydantic_core-2.46.5-cp314-cp314-manylinux_2_17_ppc64le.manylinux2014_ppc64le.whl", hash = "sha256:37ea7b83c935e5b0d68c9449b82651accf78a10828b2c02b2f2d9e9496446c21"},
    {file = "pydantic_core-2.46.5-cp314-cp314-manylinux_2_17_s390x.manylinux2014_s390x.whl", hash = "sha256:e64e88d5585bea9ce95861079de72006c7fa6d3df4e3a3b65ba31eb979c15c9f"},
    {file = "pydantic_core-2.46.5-cp314-cp314-manylinux_2_17_x86_64.manylinux2014_x86_64.whl", hash = "sha256:54d510bac3ee52247af28ed4bb18a1e799f040ac60fd2bf5ccd4c92f1fbe786f"},
    {file = "pydantic_core-2.46.5-cp314-cp314-manylinux_2_31_riscv64.whl", hash = "sha256:a2a5e1d0ff29adddc9f6d6821a66302e4493f8ca898b715b6b1182c2c201ea0a"},
    {file = "pydantic_core-2.46.5-cp314-cp314-manylinux_2_5_i686.manylinux1_i686.whl", hash = "sha256:03b9666e41e35d8909852ba191a0607520f81b74eaf12ccf8737005dbb313821"},
    {file = "pydantic_core-2.46.5-cp314-cp314-musllinux_1_1_aarch64.whl", hash = "sha256:a91c17edf6eea2402cb5457b4c89e99bc5ed1004aa34c4adf1d4258c1a5c22c2"},
    {file = "pydantic_core-2.46.5-cp314-cp314-musllinux_1_1_armv7l.whl", hash = "sha256:b49924c73a235e969511bf2aabdff3beebf9820931f646c80274d5d780010c47"},
    {file = "pydantic_core-2.46.5-cp314-cp314-musllinux_1_1_x86_64.whl", hash = "sha256:2cbd9a5eff05e51c447c34dfa4632145b26b09120cf04bd0c871e44c1a5e1c9a"},
    {file = "pydantic_core-2.46.5-cp314-cp314-win32.whl", hash = "sha256:2d5d76654becf5efd62c9e51c3756c67b49498b0c9a40884934c40807adbd074"},
    {file = "pydantic_core-2.46.5-cp314-cp314-win_amd64.whl", hash = "sha256:fa10ef4112775900e7a0661068635eb67b2ab824fbde764de6e0e21982a93db0"},
    {file = "pydantic_core-2.46.5-cp314-cp314-win_arm64.whl", hash = "sha256:045ab3b6d308439e32b81cc173bba5b9018bc6ed896afd0c65b3b009b1699af5"},
    {file = "pydantic_core-2.46.5-cp314-cp314t-macosx_10_12_x86_64.whl", hash = "sha256:8816f3d218beb4b787de5c9759c259b8fa61f9dec42dc7811f320a33771778b7"},
    {file = "pydantic_core-2.46.5-cp314-cp314t-macosx_11_0_arm64.whl", hash = "sha256:bce57638e08ac148e5778cce7feb968307a727d66f8e2274a543d0cf0c9ad6a3"},
    {file = "pydantic_core-2.46.5-cp314-cp314t-manylinux_2_17_aarch64.manylinux2014_aarch64.whl", hash = "sha256:976e1128455aa595ea04c79ccfedff1aaeab96ee013fcc916bed120c4f0ad94f"},
    {file = "pydantic_core-2.46.5-cp314-cp314t-manylinux_2_17_armv7l.manylinux2014_armv7l.whl", hash = "sha256:e7b891faeedeafba41b2983e5001a81b6a915b69544c7e7570d1989ce1c36ac7"},
    {file = "pydantic_core-2.46.5-cp314-cp314t-manylinux_2_17_ppc64le.manylinux2014_ppc64le.whl", hash = "sha256:5f194189415698233dd1114a093a9b56e61e2c57e11b469be3b0506f46f0771c"},
    {file = "pydantic_core-2.46.5-cp314-cp314t-manylinux_2_17_s390x.manylinux2014_s390x.whl", hash = "sha256:82a36973cf8a2ef5406f4fe2edbf8ed0c99629535d959e0b100c76a32535a111"},
    {file = "pydantic_core-2.46.5-cp314-cp314t-manylinux_2_17_x86_64.manylinux2014_x86_64.whl", hash = "sha256:cdbb78909f52b981d3b2d56b97328d71eb0b974c36bd77c920123a7ebb192829"},
    {file = "pydantic_core-2.46.5-cp314-cp314t-manylinux_2_31_riscv64.whl", hash = "sha256:52e24eacdb536cade636aa90fb851835222becff8484b7001fdc78cb0290f2aa"},
    {file = "pydantic_core-2.46.5-cp314-cp314t-manylinux_2_5_i686.manylinux1_i686.whl", hash = "sha256:37ae34309d7bd8c0d61ab839668058f2a7962ea1fc51d105d2db228fe0618034"},
    {file = "pydantic_core-2.46.5-cp314-cp314t-musllinux_1_1_aarch64.whl", hash = "sha256:0cdbada856a1c69a7624a64d3d9aefe79300bd6ef827b43a4f265010b9b55184"},
    {file = "pydantic_core-2.46.5-cp314-cp314t-musllinux_1_1_armv7l.whl", hash = "sha256:545f26c504b27c3758439a5e6d9349931f0a04f855668d5fe323c89e82300a38"},
    {file = "pydantic_core-2.46.5-cp314-cp314t-musllinux_1_1_x86_64.whl", hash = "sha256:ff218293c9c806138dca139765e3b067621be52bcd93cdc14c7711be7ddc90a9"},
    {file = "pydantic_core-2.46.5-cp314-cp314t-win32.whl", hash = "sha256:97cf3eb53a8cccacf9d46686a0926186c9bfb5574f2ed66d3639d5fe117cd3a9"},
    {file = "pydantic_core-2.46.5-cp314-cp314t-win_amd64.whl", hash = "sha256:d2f9fc07a8042a8f95925b35c4f04f469707c981fc33245b6ca187cf5d2dd290"},
    {file = "pydantic_core-2.46.5-cp314-cp314t-win_arm64.whl", hash = "sha256:acf8a67ba51f4ca9ddbd0e6b3000a65ac51ab734661778b3e7ba64d99a710f2f"},
    {file = "pydantic_core-2.46.5-cp39-cp39-macosx_10_12_x86_64.whl", hash = "sha256:c583b927a8838dab890706a6fa7573fbb8b70e24000ef9f7238e2d6f6435a5ed"},
    {file = "pydantic_core-2.46.5-cp39-cp39-macosx_11_0_arm64.whl", hash = "sha256:cdc8b74ecc48c0cb1e9607a05ec4e9e88db60a19ffcc9a1d5f9088ede40c8dc0"},
    {file = "pydantic_core-2.46.5-cp39-cp39-manylinux_2_17_aarch64.manylinux2014_aarch64.whl", hash = "sha256:8b10e3e8fd7ddc2bd915848a2768e44c15b22936f1cc54c462ad1164deb02655"},
    {file = "pydantic_core-2.46.5-cp39-cp39-manylinux_2_17_armv7l.manylinux2014_armv7l.whl", hash = "sha256:f077d0b97ab11fa7dcc633fca53515f290bca8a8a633e966d5b6d1879d9ed01a"},
    {file = "pydantic_core-2.46.5-cp39-cp39-manylinux_2_17_ppc64le.manylinux2014_ppc64le.whl", hash = "sha256:7b0fc826b16c55e561e5d2a0c5c77b051ba1d92808118c4e4b5390f5e0cf191d"},
    {file = "pydantic_core-2.46.5-cp39-cp39-manylinux_2_17_s390x.manylinux2014_s390x.whl", hash = "sha256:ef3fbbf161dc9351a2fe0422e51b129f9e97e42385bd0320b309c15f7d287dd8"},
    {file = "pydantic_core-2.46.5-cp39-cp39-manylinux_2_17_x86_64.manylinux2014_x86_64.whl", hash = "sha256:978e7b97d4824b5be09c69fb70507cbde3b0323fc147332ca40a94d9a6a0ebbf"},
    {file = "pydantic_core-2.46.5-cp39-cp39-manylinux_2_31_riscv64.whl", hash = "sha256:9b68938dd5b0c783d88ff8e2dcc69451b5eb936fe212d516b21b9d5567f6d464"},
    {file = "pydantic_core-2.46.5-cp39-cp39-manylinux_2_5_i686.manylinux1_i686.whl", hash = "sha256:771cf63ae0b1b50dd22e5f3e3549fab5f3f4ff1635d352a9e1a97fe01c7b2e64"},
    {file = "pydantic_core-2.46.5-cp39-cp39-musllinux_1_1_aarch64.whl", hash = "sha256:7c6be839a5a8312626b32029a415644a0846b420bc8b52b95b28cd92da162168"},
    {file = "pydantic_core-2.46.5-cp39-cp39-musllinux_1_1_armv7l.whl", hash = "sha256:895395f8918627b04efb1ad2a4cf605387143300ba03304cd1dfa6d03f5e095e"},
    {file = "pydantic_core-2.46.5-cp39-cp39-musllinux_1_1_x86_64.whl", hash = "sha256:fc8515076c11f3cfdf4fb142dcca0fe384b1230a3b5415458ac84f3e0903ec13"},
    {file = "pydantic_core-2.46.5-cp39-cp39-win32.whl", hash = "sha256:3d2652072b2d774947ba5cf78a9e59644ac62ee572daf6dd2e1dfe905e15b2b7"},
    {file = "pydantic_core-2.46.5-cp39-cp39-win_amd64.whl", hash = "sha256:3aa166e99c4f2985407fb8714aebede877ecb5455cf321b606adca926d30d5a0"},
    {file = "pydantic_core-2.46.5-graalpy311-graalpy242_311_native-macosx_10_12_x86_64.whl", hash = "sha256:c14ad3bdc85ee7f318742c457ca3968a92126d144b15721c759033bfb06296c2"},
    {file = "pydantic_core-2.46.5-graalpy311-graalpy242_311_native-macosx_11_0_arm64.whl", hash = "sha256:0bddb4020d8f04175865ccd17eff3040874fc11fb593f424edb452653b4b947c"},
    {file = "pydantic_core-2.46.5-graalpy311-graalpy242_311_native-manylinux_2_17_aarch64.manylinux2014_aarch64.whl", hash = "sha256:2471fd51c61c610e1dcf7de44d7299283661654d11264ab4802b303368d69c47"},
    {file = "pydantic_core-2.46.5-graalpy311-graalpy242_311_native-manylinux_2_17_x86_64.manylinux2014_x86_64.whl", hash = "sha256:b10ec717381bdbfafef34607824db4c91de69ff085e4fca3b2af91b4fa17e68a"},
    {file = "pydantic_core-2.46.5-graalpy312-graalpy250_312_native-macosx_10_12_x86_64.whl", hash = "sha256:013d6f3483d81e02e7c328831808f336c8596ee33b4bd4026b9ffb1e960b8942"},
    {file = "pydantic_core-2.46.5-graalpy312-graalpy250_312_native-macosx_11_0_arm64.whl", hash = "sha256:e9c134bb666dd54b778b9fc0d2b50cbb7f979b9e3716f26a88c9ab3b6fc1dd0f"},
    {file = "pydantic_core-2.46.5-graalpy312-graalpy250_312_native-manylinux_2_17_aarch64.manylinux2014_aarch64.whl", hash = "sha256:347ec774390c87326a2e4929d58d3f7e8763a104d5d35f4cd595a4c952366433"},
    {file = "pydantic_core-2.46.5-graalpy312-graalpy250_312_native-manylinux_2_17_x86_64.manylinux2014_x86_64.whl", hash = "sha256:8e24d8f05fa2d28513d94e877e9c75ad66175376209b3977f916e240e623193c"},
    {file = "pydantic_core-2.46.5-pp311-pypy311_pp73-macosx_10_12_x86_64.whl", hash = "sha256:ab4b66edffb32d9e951efb3814bd104b8367a7501b81b955cacb5726d897389f"},
    {file = "pydantic_core-2.46.5-pp311-pypy311_pp73-macosx_11_0_arm64.whl", hash = "sha256:337639ba62a11acde6ef3aeb08c8ea755f8ef1fe5e513356c0f36a2b0d7568b0"},
    {file = "pydantic_core-2.46.5-pp311-pypy311_pp73-manylinux_2_17_x86_64.manylinux2014_x86_64.whl", hash = "sha256:413a717a410d0c817ef5b786a059415550b3794e1d0c2abffd9efb93a3d9f7b4"},
    {file = "pydantic_core-2.46.5-pp311-pypy311_pp73-manylinux_2_5_i686.manylinux1_i686.whl", hash = "sha256:1e449def1945a462c464331254e5a44fca7c3b4f9aedf59ec2f50f8066dd8e25"},
    {file = "pydantic_core-2.46.5-pp311-pypy311_pp73-musllinux_1_1_aarch64.whl", hash = "sha256:a445486499897b88a7d6c310c88ed64dd37b1b59bfd7ae9107490bbb362f47d6"},
    {file = "pydantic_core-2.46.5-pp311-pypy311_pp73-musllinux_1_1_armv7l.whl", hash = "sha256:2d330aaba8621b1edcec8ae2c4050f63b84ccf6d98723a8f212e9684713abf0e"},
    {file = "pydantic_core-2.46.5-pp311-pypy311_pp73-musllinux_1_1_x86_64.whl", hash = "sha256:b6acfb46a814762367fb7ba0828b0a17d441b92ce249a0e007474c9072662dda"},
    {file = "pydantic_core-2.46.5-pp311-pypy311_pp73-win_amd64.whl", hash = "sha256:d0a24b40877af2de4950252be9d21eaf7fb07660f3c2cae1f56c6b599ada5266"},
    {file = "pydantic_core-2.46.5.tar.gz", hash = "sha256:10416c15b8839ecc4ef4d0885da76da6fd0f67333a0eb8aff6d93c4b8f2910fc"},
]

[package.dependencies]
typing-extensions = ">=4.14.1"

[[package]]
name = "pymysql"
version = "1.2.0"
description = "Pure Python MySQL Driver"
optional = false
python-versions = ">=3.9"
groups = ["main"]
files = [
    {file = "pymysql-1.2.0-py3-none-any.whl", hash = "sha256:62169ce6d5510f08e140c5e7990ee884a9764024e4a9a27b2cc11f1099322ae0"},
    {file = "pymysql-1.2.0.tar.gz", hash = "sha256:6c7b17ca686988104d7426c27895b455cdeea3e9d3ceb1270f0c3704fead8c33"},
]

[package.extras]
ed25519 = ["PyNaCl (>=1.6.2)"]
rsa = ["cryptography (>=46.0.7)"]

[[package]]
name = "sqlalchemy"
version = "2.0.50"
description = "Database Abstraction Library"
optional = false
python-versions = ">=3.7"
groups = ["main"]
files = [
    {file = "sqlalchemy-2.0.50-cp310-cp310-macosx_11_0_arm64.whl", hash = "sha256:7af6eeb84985bf840ba779018ff9424d61ff69b52e66b8789d3c8da7bf5341b2"},
    {file = "sqlalchemy-2.0.50-cp310-cp310-manylinux2014_aarch64.manylinux_2_17_aarch64.manylinux_2_28_aarch64.whl", hash = "sha256:0fe7822866f3a9fc5f3db21a290ce8961a53050115f05edf9402b6a5feb92a9f"},
    {file = "sqlalchemy-2.0.50-cp310-cp310-manylinux2014_x86_64.manylinux_2_17_x86_64.manylinux_2_28_x86_64.whl", hash = "sha256:e8e1b0f6a4dcd9b4839e2320afb5df37a6981cbc20ff9c423ae11c5537bdbd21"},
    {file = "sqlalchemy-2.0.50-cp310-cp310-musllinux_1_2_aarch64.whl", hash = "sha256:e195687f1af431c9515416288373b323b6eb599f774409814e89e9d603a56e39"},
    {file = "sqlalchemy-2.0.50-cp310-cp310-musllinux_1_2_x86_64.whl", hash = "sha256:ea1a8a2db4b2217d456c8d7a873bfc605f06fe3584d315264ea18c2a17585d0b"},
    {file = "sqlalchemy-2.0.50-cp310-cp310-win32.whl", hash = "sha256:68b154b08088b4ec32bb4d2958bfbb50e57549f91a4cd3e7f928e3553ed69031"},
    {file = "sqlalchemy-2.0.50-cp310-cp310-win_amd64.whl", hash = "sha256:66e374271ecb7101273f57af1a62446a953d327eec4f8089147de57c591bbacc"},
    {file = "sqlalchemy-2.0.50-cp311-cp311-macosx_11_0_arm64.whl", hash = "sha256:1aa6e403663a9c43c8fef7ce4bdb4cf48bcd8d352e91deda2a99f963270bd508"},
    {file = "sqlalchemy-2.0.50-cp311-cp311-manylinux2014_aarch64.manylinux_2_17_aarch64.manylinux_2_28_aarch64.whl", hash = "sha256:51b637a84f9fa35ae1f9017e786cb142974a25305085e1b378b3647a67f65ad3"},
    {file = "sqlalchemy-2.0.50-cp311-cp311-manylinux2014_x86_64.manylinux_2_17_x86_64.manylinux_2_28_x86_64.whl", hash = "sha256:2dab927761d9108550f0cf8e66ff21af56f907a0ce0a689793db615e2b55f62c"},
    {file = "sqlalchemy-2.0.50-cp311-cp311-musllinux_1_2_aarch64.whl", hash = "sha256:545eae198d37bcf837a10ede3684e2af32458d6f35c597c35c2de7502dc38fc4"},
    {file = "sqlalchemy-2.0.50-cp311-cp311-musllinux_1_2_x86_64.whl", hash = "sha256:0fec460e18cdbb4c7773531122ce9a27e96c6ca17af3933941d94da475ad2c86"},
    {file = "sqlalchemy-2.0.50-cp311-cp311-win32.whl", hash = "sha256:e6e814658818fd165e749e3d8490ef16cc7f379a118c37ada8b0589ffbaaac22"},
    {file = "sqlalchemy-2.0.50-cp311-cp311-win_amd64.whl", hash = "sha256:1c5f858fe79c9f5d8fda065c06186356acb7f8df3cd52dbd5ee3f200e4b144f5"},
    {file = "sqlalchemy-2.0.50-cp312-cp312-macosx_11_0_arm64.whl", hash = "sha256:23ae23d8b9d344d30d0a92f06d45825024a5790f1c1dd4cf452636a50d3e58cb"},
    {file = "sqlalchemy-2.0.50-cp312-cp312-manylinux2014_aarch64.manylinux_2_17_aarch64.manylinux_2_28_aarch64.whl", hash = "sha256:47b71b933e7b4ebad407c8fdfd70d2c4f08b78b3238bb30eebdd6eb32ca51b89"},
    {file = "sqlalchemy-2.0.50-cp312-cp312-manylinux2014_x86_64.manylinux_2_17_x86_64.manylinux_2_28_x86_64.whl", hash = "sha256:110fdac56ace278949f00de805edacbd6141e382d992f9ba28238b3a0827a600"},
    {file = "sqlalchemy-2.0.50-cp312-cp312-musllinux_1_2_aarch64.whl", hash = "sha256:0f5e4ac70e9e757f6b3e87c0491ff034442ecd8dfd36d041a50564c322dafc0e"},
    {file = "sqlalchemy-2.0.50-cp312-cp312-musllinux_1_2_x86_64.whl", hash = "sha256:724f3dcbe53dd0151e3cb5e7ec4ba4c620bede579caacd16275dc35ce06e8615"},
    {file = "sqlalchemy-2.0.50-cp312-cp312-win32.whl", hash = "sha256:1208050441471d003b7c8cb4054fb084f185cf35ac3f0ea270803865bca9939a"},
    {file = "sqlalchemy-2.0.50-cp312-cp312-win_amd64.whl", hash = "sha256:9d1af51558029a156a70986b7df88f042b3d158d7c8d8fb5072912d4b32d89c7"},
    {file = "sqlalchemy-2.0.50-cp313-cp313-macosx_11_0_arm64.whl", hash = "sha256:06a9210bdc5f4298cff0781087e2ff45683922252dacc452846373a58761f093"},
    {file = "sqlalchemy-2.0.50-cp313-cp313-manylinux2014_aarch64.manylinux_2_17_aarch64.manylinux_2_28_aarch64.whl", hash = "sha256:8b53784972ade4f8174b9aa661f31a06f8a936d2cfdd602913ff3c6dd40ae873"},
    {file = "sqlalchemy-2.0.50-cp313-cp313-manylinux2014_x86_64.manylinux_2_17_x86_64.manylinux_2_28_x86_64.whl", hash = "sha256:31648fa14460537e768a7303b078e4344d208e0d23e06867c1f376a227ed82db"},
    {file = "sqlalchemy-2.0.50-cp313-cp313-musllinux_1_2_aarch64.whl", hash = "sha256:03f4323c980ad0e918cc9e5369b015f759f4e534db5bbaf4dc36832c10d05064"},
    {file = "sqlalchemy-2.0.50-cp313-cp313-musllinux_1_2_x86_64.whl", hash = "sha256:2b9dcc43afef8ac157cd92fce96985d6b8b0cfbd3df4d666f66b4d55a75d202f"},
    {file = "sqlalchemy-2.0.50-cp313-cp313-win32.whl", hash = "sha256:60922d6599065ddca2c6f376b9aa2f41a6b85a271725e0909490bbc50b1998a5"},
    {file = "sqlalchemy-2.0.50-cp313-cp313-win_amd64.whl", hash = "sha256:287086e67275a212c4582d166a6fb03a65ccc5551d80866270ce0dd9f34eccd3"},
    {file = "sqlalchemy-2.0.50-cp314-cp314-macosx_11_0_arm64.whl", hash = "sha256:c966932507a4d7d0a37314927dbfcd89720e3f37d2a1e3352e7ae7939fa8e8a0"},
    {file = "sqlalchemy-2.0.50-cp314-cp314-manylinux2014_aarch64.manylinux_2_17_aarch64.manylinux_2_28_aarch64.whl", hash = "sha256:faffef4bcc20a1892e65e155293d99d60855bbbc79250ab712819cfd56a8e6bb"},
    {file = "sqlalchemy-2.0.50-cp314-cp314-manylinux2014_x86_64.manylinux_2_17_x86_64.manylinux_2_28_x86_64.whl", hash = "sha256:6c206aec519a2e7bd08abbfb33436e325fd22c632d9c21a9047e376ce241646e"},
    {file = "sqlalchemy-2.0.50-cp314-cp314-musllinux_1_2_aarch64.whl", hash = "sha256:bef4ac756363227ef6402a75fee025a4bc690f92328e825868939b3b3a446a6d"},
    {file = "sqlalchemy-2.0.50-cp314-cp314-musllinux_1_2_x86_64.whl", hash = "sha256:96fbee6b19c19cd1556c8bf9419447cf2ec149ffcab7ab64348c23e54ef8547f"},
    {file = "sqlalchemy-2.0.50-cp314-cp314-win32.whl", hash = "sha256:8f00e3eb43ba30eb1b238ee03a8a62309486d1321eda3328bb611e0340033ad8"},
    {file = "sqlalchemy-2.0.50-cp314-cp314-win_amd64.whl", hash = "sha256:15708c613cd5005b7dffe1f66ee6a63ee8f5e46799f71c70ebad74178c676a39"},
    {file = "sqlalchemy-2.0.50-cp314-cp314t-macosx_11_0_arm64.whl", hash = "sha256:3699dac4be410e97049a1658e9480da9cde956594aa0f3aebc60b88f21c5ba70"},
    {file = "sqlalchemy-2.0.50-cp314-cp314t-manylinux2014_aarch64.manylinux_2_17_aarch64.manylinux_2_28_aarch64.whl", hash = "sha256:f96233858e3df43932ac11589e22520da6e8aeb624b03fedfeebb0e8ea213086"},
    {file = "sqlalchemy-2.0.50-cp314-cp314t-manylinux2014_x86_64.manylinux_2_17_x86_64.manylinux_2_28_x86_64.whl", hash = "sha256:c4e70c46fad30c3bcc6a4708bc0130a3173e11a5b25f0ea4a9d8911b450f1f52"},
    {file = "sqlalchemy-2.0.50-cp314-cp314t-musllinux_1_2_aarch64.whl", hash = "sha256:1918a3cf564d16d95bca7301005f41ab2ad50b07cd3b9da50d3ed986db148d6a"},
    {file = "sqlalchemy-2.0.50-cp314-cp314t-musllinux_1_2_x86_64.whl", hash = "sha256:b00098cdbdbd38c7be3d568b0c9c3122b8c0ec62b911b57cd5e6e0254d60a76d"},
    {file = "sqlalchemy-2.0.50-cp314-cp314t-win32.whl", hash = "sha256:1fbd55a969d7ac44a98e3dec75016074f809fa08f871585ace58dde110d1bf3e"},
    {file = "sqlalchemy-2.0.50-cp314-cp314t-win_amd64.whl", hash = "sha256:c5c3cdb753a9004183e1ccb634b41611654c989e61bc68617ce878e46d6f1e51"},
    {file = "sqlalchemy-2.0.50-cp38-cp38-macosx_11_0_arm64.whl", hash = "sha256:4a8e8af330cbb3a1931d3d6c91b239fc2ef135f7dd471dfa34c575028e0b1fa8"},
    {file = "sqlalchemy-2.0.50-cp38-cp38-manylinux2014_aarch64.manylinux_2_17_aarch64.manylinux_2_28_aarch64.whl", hash = "sha256:eefd9a03cc0047b14153872d228499d048bd7deaf926109c9ec25b15157b8e23"},
    {file = "sqlalchemy-2.0.50-cp38-cp38-manylinux2014_x86_64.manylinux_2_17_x86_64.manylinux_2_28_x86_64.whl", hash = "sha256:13b85b20f9ab714a666df9d8e72e253ec33c16c7e1e375c877e5bf6367a3e917"},
    {file = "sqlalchemy-2.0.50-cp38-cp38-musllinux_1_2_aarch64.whl", hash = "sha256:27b7062af702c61994e8806ad87e42d0a2c879e0a8e5c61c7f69d81dabe24fdf"},
    {file = "sqlalchemy-2.0.50-cp38-cp38-musllinux_1_2_x86_64.whl", hash = "sha256:2c1920cde9d741ba3dda9b1aa5acd8c23ea17780ccfb2252d01878d5d0d628d3"},
    {file = "sqlalchemy-2.0.50-cp38-cp38-win32.whl", hash = "sha256:7b1ddb7b5fc60dfa9df6a487f06a143c77def47c0351849da2bcea59b244a56c"},
    {file = "sqlalchemy-2.0.50-cp38-cp38-win_amd64.whl", hash = "sha256:0e104e196f457ec608eb8af736c5eb4c6bc58f481b546f485a7f9c628ee532be"},
    {file = "sqlalchemy-2.0.50-cp39-cp39-macosx_11_0_arm64.whl", hash = "sha256:409a8121b917116b035bedc5e532ad470c74a2d279f6c302100985b6304e9f9e"},
    {file = "sqlalchemy-2.0.50-cp39-cp39-manylinux2014_aarch64.manylinux_2_17_aarch64.manylinux_2_28_aarch64.whl", hash = "sha256:9602c07b03e1449747ecb69f9998a7194a589124475788b370adce57c9e9a56e"},
    {file = "sqlalchemy-2.0.50-cp39-cp39-manylinux2014_x86_64.manylinux_2_17_x86_64.manylinux_2_28_x86_64.whl", hash = "sha256:3d10700bd519573f6ce5badbabbfe7f5baea84cdf370f2cbbfb4be28dfddbf1d"},
    {file = "sqlalchemy-2.0.50-cp39-cp39-musllinux_1_2_aarch64.whl", hash = "sha256:7e36efdcc5493f8024ec873a4ee3855bfd2de0c5b19eba16f920e9d2a0d28622"},
    {file = "sqlalchemy-2.0.50-cp39-cp39-musllinux_1_2_x86_64.whl", hash = "sha256:adc0fe7d38d8c8058f7421c25508fcbc74df38233a42aa8324409844122dce8f"},
    {file = "sqlalchemy-2.0.50-cp39-cp39-win32.whl", hash = "sha256:0a31c5963d58d3e3d11c5b97709e248305705de1fdf51ec3bf396674c5898b7e"},
    {file = "sqlalchemy-2.0.50-cp39-cp39-win_amd64.whl", hash = "sha256:83a9fce296b7e052316d8c6943237b31b9c00f58ca9c253f2d165df52637a293"},
    {file = "sqlalchemy-2.0.50-py3-none-any.whl", hash = "sha256:92064363517a3ff8212b5a93b8c62876579d8dfd1ca5b561335f30152d884fa9"},
    {file = "sqlalchemy-2.0.50.tar.gz", hash = "sha256:af5607d11ef90fd6a5c0549fe0045dce1663d427426bcfb506dcb5346a85a3b9"},
]

[package.dependencies]
greenlet = {version = ">=1", markers = "platform_machine == \"aarch64\" or platform_machine == \"ppc64le\" or platform_machine == \"x86_64\" or platform_machine == \"amd64\" or platform_machine == \"AMD64\" or platform_machine == \"win32\" or platform_machine == \"WIN32\""}
typing-extensions = ">=4.6.0"

[package.extras]
aiomysql = ["aiomysql (>=0.2.0)", "greenlet (>=1)"]
aioodbc = ["aioodbc", "greenlet (>=1)"]
aiosqlite = ["aiosqlite", "greenlet (>=1)", "typing_extensions (!=3.10.0.1)"]
asyncio = ["greenlet (>=1)"]
asyncmy = ["asyncmy (>=0.2.3,!=0.2.4,!=0.2.6)", "greenlet (>=1)"]
mariadb-connector = ["mariadb (>=1.0.1,!=1.1.2,!=1.1.5,!=1.1.10)"]
mssql = ["pyodbc"]
mssql-pymssql = ["pymssql"]
mssql-pyodbc = ["pyodbc"]
mypy = ["mypy (>=0.910)"]
mysql = ["mysqlclient (>=1.4.0)"]
mysql-connector = ["mysql-connector-python"]
oracle = ["cx_oracle (>=8)"]
oracle-oracledb = ["oracledb (>=1.0.1)"]
postgresql = ["psycopg2 (>=2.7)"]
postgresql-asyncpg = ["asyncpg", "greenlet (>=1)"]
postgresql-pg8000 = ["pg8000 (>=1.29.1)"]
postgresql-psycopg = ["psycopg (>=3.0.7)"]
postgresql-psycopg2binary = ["psycopg2-binary"]
postgresql-psycopg2cffi = ["psycopg2cffi"]
postgresql-psycopgbinary = ["psycopg[binary] (>=3.0.7)"]
pymysql = ["pymysql"]
sqlcipher = ["sqlcipher3_binary"]

[[package]]
name = "sqlmodel"
version = "0.0.42"
description = "SQLModel, SQL databases in Python, designed for simplicity, compatibility, and robustness."
optional = false
python-versions = ">=3.10"
groups = ["main"]
files = [
    {file = "sqlmodel-0.0.42-py3-none-any.whl", hash = "sha256:a732dab1a40e5cbd6ac250cf2b12e8d9b1bf1a47edf27c34d612f359e8875c63"},
    {file = "sqlmodel-0.0.42.tar.gz", hash = "sha256:9ecec2b6aa4c2aa58da39d2572e7bef4373419dcd6ec52973c07de7be2b1c516"},
]

[package.dependencies]
pydantic = ">=2.11.0"
SQLAlchemy = ">=2.0.14,<2.1.0"
typing-extensions = ">=4.5.0"

[[package]]
name = "typing-extensions"
version = "4.15.0"
description = "Backported and Experimental Type Hints for Python 3.9+"
optional = false
python-versions = ">=3.9"
groups = ["main"]
files = [
    {file = "typing_extensions-4.15.0-py3-none-any.whl", hash = "sha256:f0fa19c6845758ab08074a0cfa8b7aecb71c999ca73d62883bc25cc018c4e548"},
    {file = "typing_extensions-4.15.0.tar.gz", hash = "sha256:0cea48d173cc12fa28ecabc3b837ea3cf6f38c6d1136f85cbaaf598984861466"},
]

[[package]]
name = "typing-inspection"
version = "0.4.4"
description = "Runtime typing introspection tools"
optional = false
python-versions = ">=3.10"
groups = ["main"]
files = [
    {file = "typing_inspection-0.4.4-py3-none-any.whl", hash = "sha256:65b8397ba37ccbce054456aaccddfc91e6e3083c92824df348d96ca832f3f147"},
    {file = "typing_inspection-0.4.4.tar.gz", hash = "sha256:547274fa6b0a561ccf549cc9524b999a578e737d015d8709d021f9d0d13bea47"},
]

[package.dependencies]
typing-extensions = ">=4.15.0"

[metadata]
lock-version = "2.1"
python-versions = ">=3.13"
content-hash = "3e3b2af242d45d27d9dcf4d9a3530c7c5d99f2cc8e9da81b3d289fe10de7533a"
